
Microsoft Visual Studio Solution File, Format Version 12.00
# Visual Studio Version 17
VisualStudioVersion = 17.2.32616.157
MinimumVisualStudioVersion = 10.0.40219.1
Project("{9A19103F-16F7-4668-BE54-9A1E7A4F7556}") = "HelloWorld", "HelloWorld\HelloWorld.csproj", "{9672333C-8A47-492E-B4B1-A4A203C232DB}"
EndProject
Project("{9A19103F-16F7-4668-BE54-9A1E7A4F7556}") = "AuthenticationService", "AuthenticationService\AuthenticationService.csproj", "{A621A533-787E-4904-9B15-2124C3335055}"
EndProject
Project("{E53339B2-1760-4266-BCC7-CA923CBCF16C}") = "docker-compose", "docker-compose.dcproj", "{666DC898-3C32-44DE-9D20-313DFD2875F8}"
EndProject
Project("{FAE04EC0-301F-11D3-BF4B-00C04F79EFBC}") = "Common", "Common\Common.csproj", "{55D875F5-C114-462E-9D15-E3C2D39DEB49}"
EndProject
Global
	GlobalSection(SolutionConfigurationPlatforms) = preSolution
		Debug|Any CPU = Debug|Any CPU
		Release|Any CPU = Release|Any CPU
	EndGlobalSection
	GlobalSection(ProjectConfigurationPlatforms) = postSolution
		{9672333C-8A47-492E-B4B1-A4A203C232DB}.Debug|Any CPU.ActiveCfg = Debug|Any CPU
		{9672333C-8A47-492E-B4B1-A4A203C232DB}.Debug|Any CPU.Build.0 = Debug|Any CPU
		{9672333C-8A47-492E-B4B1-A4A203C232DB}.Release|Any CPU.ActiveCfg = Release|Any CPU
		{9672333C-8A47-492E-B4B1-A4A203C232DB}.Release|Any CPU.Build.0 = Release|Any CPU
		{A621A533-787E-4904-9B15-2124C3335055}.Debug|Any CPU.ActiveCfg = Debug|Any CPU
		{A621A533-787E-4904-9B15-2124C3335055}.Debug|Any CPU.Build.0 = Debug|Any CPU
		{A621A533-787E-4904-9B15-2124C3335055}.Release|Any CPU.ActiveCfg = Release|Any CPU
		{A621A533-787E-4904-9B15-2124C3335055}.Release|Any CPU.Build.0 = Release|Any CPU
		{666DC898-3C32-44DE-9D20-313DFD2875F8}.Debug|Any CPU.ActiveCfg = Debug|Any CPU
		{666DC898-3C32-44DE-9D20-313DFD2875F8}.Debug|Any CPU.Build.0 = Debug|Any CPU
		{666DC898-3C32-44DE-9D20-313DFD2875F8}.Release|Any CPU.ActiveCfg = Release|Any CPU
		{666DC898-3C32-44DE-9D20-313DFD2875F8}.Release|Any CPU.Build.0 = Release|Any CPU
		{55D875F5-C114-462E-9D15-E3C2D39DEB49}.Debug|Any CPU.ActiveCfg = Debug|Any CPU
		{55D875F5-C114-462E-9D15-E3C2D39DEB49}.Debug|Any CPU.Build.0 = Debug|Any CPU
		{55D875F5-C114-462E-9D15-E3C2D39DEB49}.Release|Any CPU.ActiveCfg = Release|Any CPU
		{55D875F5-C114-462E-9D15-E3C2D39DEB49}.Release|Any CPU.Build.0 = Release|Any CPU
	EndGlobalSection
	GlobalSection(SolutionProperties) = preSolution
		HideSolutionNode = FALSE
	EndGlobalSection
	GlobalSection(ExtensibilityGlobals) = postSolution
		SolutionGuid = {24195B2F-3001-4B84-A90D-97593A31F0E8}
	EndGlobalSection
EndGlobal
